
Microsoft Visual Studio Solution File, Format Version 12.00
# Visual Studio 15
Project("{FAE04EC0-301F-11D3-BF4B-00C04F79EFBC}") = "KTaNENonbinaryPuzzle", "KTaNENonbinaryPuzzle.csproj", "{9EC9EB61-EA5C-7F58-6351-03AC9689151D}"
EndProject
Project("{FAE04EC0-301F-11D3-BF4B-00C04F79EFBC}") = "KTaNENonbinaryPuzzle.Editor", "KTaNENonbinaryPuzzle.Editor.csproj", "{4206D1EB-ED1F-7D83-396D-33E769C1A41B}"
EndProject
Global
	GlobalSection(SolutionConfigurationPlatforms) = preSolution
		Debug|Any CPU = Debug|Any CPU
		Release|Any CPU = Release|Any CPU
	EndGlobalSection
	GlobalSection(ProjectConfigurationPlatforms) = postSolution
		{9EC9EB61-EA5C-7F58-6351-03AC9689151D}.Debug|Any CPU.ActiveCfg = Debug|Any CPU
		{9EC9EB61-EA5C-7F58-6351-03AC9689151D}.Debug|Any CPU.Build.0 = Debug|Any CPU
		{9EC9EB61-EA5C-7F58-6351-03AC9689151D}.Release|Any CPU.ActiveCfg = Release|Any CPU
		{9EC9EB61-EA5C-7F58-6351-03AC9689151D}.Release|Any CPU.Build.0 = Release|Any CPU
		{4206D1EB-ED1F-7D83-396D-33E769C1A41B}.Debug|Any CPU.ActiveCfg = Debug|Any CPU
		{4206D1EB-ED1F-7D83-396D-33E769C1A41B}.Debug|Any CPU.Build.0 = Debug|Any CPU
		{4206D1EB-ED1F-7D83-396D-33E769C1A41B}.Release|Any CPU.ActiveCfg = Release|Any CPU
		{4206D1EB-ED1F-7D83-396D-33E769C1A41B}.Release|Any CPU.Build.0 = Release|Any CPU
	EndGlobalSection
	GlobalSection(SolutionProperties) = preSolution
		HideSolutionNode = FALSE
	EndGlobalSection
EndGlobal
